
Microsoft Visual Studio Solution File, Format Version 12.00
# Visual Studio Version 17
VisualStudioVersion = 17.5.33424.131
MinimumVisualStudioVersion = 10.0.40219.1
Project("{FAE04EC0-301F-11D3-BF4B-00C04F79EFBC}") = "WebApplication", "WebApplication\WebApplication.csproj", "{E2F40681-269C-40FF-A004-6CD27C108759}"
EndProject
Global
	GlobalSection(SolutionConfigurationPlatforms) = preSolution
		Debug|Any CPU = Debug|Any CPU
		Release|Any CPU = Release|Any CPU
	EndGlobalSection
	GlobalSection(ProjectConfigurationPlatforms) = postSolution
		{E2F40681-269C-40FF-A004-6CD27C108759}.Debug|Any CPU.ActiveCfg = Debug|Any CPU
		{E2F40681-269C-40FF-A004-6CD27C108759}.Debug|Any CPU.Build.0 = Debug|Any CPU
		{E2F40681-269C-40FF-A004-6CD27C108759}.Release|Any CPU.ActiveCfg = Release|Any CPU
		{E2F40681-269C-40FF-A004-6CD27C108759}.Release|Any CPU.Build.0 = Release|Any CPU
	EndGlobalSection
	GlobalSection(SolutionProperties) = preSolution
		HideSolutionNode = FALSE
	EndGlobalSection
	GlobalSection(ExtensibilityGlobals) = postSolution
		SolutionGuid = {12455934-3293-4C35-8DD1-1873CA6ADEEB}
	EndGlobalSection
EndGlobal
